
Microsoft Visual Studio Solution File, Format Version 12.00
# Visual Studio 14
VisualStudioVersion = 14.0.25420.1
MinimumVisualStudioVersion = 10.0.40219.1
Project("{FAE04EC0-301F-11D3-BF4B-00C04F79EFBC}") = "KMOL.Data", "KMOL.Data\KMOL.Data.csproj", "{D7DA2503-1E48-4472-AFAC-A189E7038227}"
EndProject
Project("{FAE04EC0-301F-11D3-BF4B-00C04F79EFBC}") = "UnitTest", "UnitTest\UnitTest.csproj", "{4F120106-E135-4F2B-8EDE-367957E94A1B}"
EndProject
Project("{FAE04EC0-301F-11D3-BF4B-00C04F79EFBC}") = "TestConsole", "TestConsole\TestConsole.csproj", "{CFFEFD91-139D-4EC0-9A52-20A0E8E47720}"
EndProject
Global
	GlobalSection(SolutionConfigurationPlatforms) = preSolution
		Debug|Any CPU = Debug|Any CPU
		Release|Any CPU = Release|Any CPU
	EndGlobalSection
	GlobalSection(ProjectConfigurationPlatforms) = postSolution
		{D7DA2503-1E48-4472-AFAC-A189E7038227}.Debug|Any CPU.ActiveCfg = Debug|Any CPU
		{D7DA2503-1E48-4472-AFAC-A189E7038227}.Debug|Any CPU.Build.0 = Debug|Any CPU
		{D7DA2503-1E48-4472-AFAC-A189E7038227}.Release|Any CPU.ActiveCfg = Release|Any CPU
		{D7DA2503-1E48-4472-AFAC-A189E7038227}.Release|Any CPU.Build.0 = Release|Any CPU
		{4F120106-E135-4F2B-8EDE-367957E94A1B}.Debug|Any CPU.ActiveCfg = Debug|Any CPU
		{4F120106-E135-4F2B-8EDE-367957E94A1B}.Debug|Any CPU.Build.0 = Debug|Any CPU
		{4F120106-E135-4F2B-8EDE-367957E94A1B}.Release|Any CPU.ActiveCfg = Release|Any CPU
		{4F120106-E135-4F2B-8EDE-367957E94A1B}.Release|Any CPU.Build.0 = Release|Any CPU
		{CFFEFD91-139D-4EC0-9A52-20A0E8E47720}.Debug|Any CPU.ActiveCfg = Debug|Any CPU
		{CFFEFD91-139D-4EC0-9A52-20A0E8E47720}.Debug|Any CPU.Build.0 = Debug|Any CPU
		{CFFEFD91-139D-4EC0-9A52-20A0E8E47720}.Release|Any CPU.ActiveCfg = Release|Any CPU
		{CFFEFD91-139D-4EC0-9A52-20A0E8E47720}.Release|Any CPU.Build.0 = Release|Any CPU
	EndGlobalSection
	GlobalSection(SolutionProperties) = preSolution
		HideSolutionNode = FALSE
	EndGlobalSection
EndGlobal
